{
  "version": 4,
  "terraform_version": "1.14.7",
  "serial": 13,
  "lineage": "bd276904-67c8-c36d-e3aa-1bff0c14782b",
  "outputs": {
    "webapp_url": {
      "value": "vowel-counter-14671.azurewebsites.net",
      "type": "string"
    }
  },
  "resources": [
    {
      "mode": "managed",
      "type": "azurerm_linux_web_app",
      "name": "webapp",
      "provider": "provider[\"registry.terraform.io/hashicorp/azurerm\"]",
      "instances": [
        {
          "schema_version": 1,
          "attributes": {
            "app_settings": {
              "NODE_ENV": "production",
              "WEBSITES_PORT": "3012"
            },
            "auth_settings": [],
            "auth_settings_v2": [],
            "backup": [],
            "client_affinity_enabled": false,
            "client_certificate_enabled": false,
            "client_certificate_exclusion_paths": "",
            "client_certificate_mode": "Required",
            "connection_string": [],
            "custom_domain_verification_id": "A01AFE391B3F6D5F5DD20384C37549631E03AE771C99287D41011A38CB554009",
            "default_hostname": "vowel-counter-14671.azurewebsites.net",
            "enabled": true,
            "ftp_publish_basic_authentication_enabled": true,
            "hosting_environment_id": "",
            "https_only": false,
            "id": "/subscriptions/a7517bc4-31bb-45eb-bc75-9e28cf4022bc/resourceGroups/rg-vowel-counter-quiz/providers/Microsoft.Web/sites/vowel-counter-14671",
            "identity": [],
            "key_vault_reference_identity_id": "SystemAssigned",
            "kind": "app,linux",
            "location": "southeastasia",
            "logs": [],
            "name": "vowel-counter-14671",
            "outbound_ip_address_list": [
              "20.43.151.254",
              "20.44.216.33",
              "20.44.216.231",
              "20.44.216.245",
              "20.43.151.165",
              "20.44.218.63",
              "20.212.64.12"
            ],
            "outbound_ip_addresses": "20.43.151.254,20.44.216.33,20.44.216.231,20.44.216.245,20.43.151.165,20.44.218.63,20.212.64.12",
            "possible_outbound_ip_address_list": [
              "20.43.151.254",
              "20.44.216.33",
              "20.44.216.231",
              "20.44.216.245",
              "20.43.151.165",
              "20.44.218.63",
              "20.44.218.159",
              "20.44.219.174",
              "20.44.220.16",
              "20.44.220.187",
              "20.44.220.192",
              "20.44.220.205",
              "20.44.221.109",
              "20.44.221.182",
              "20.44.221.185",
              "20.44.221.230",
              "20.44.222.35",
              "20.44.222.48",
              "20.44.222.53",
              "20.44.222.69",
              "20.44.222.109",
              "20.44.222.129",
              "20.44.222.147",
              "20.44.222.174",
              "20.212.64.12"
            ],
            "possible_outbound_ip_addresses": "20.43.151.254,20.44.216.33,20.44.216.231,20.44.216.245,20.43.151.165,20.44.218.63,20.44.218.159,20.44.219.174,20.44.220.16,20.44.220.187,20.44.220.192,20.44.220.205,20.44.221.109,20.44.221.182,20.44.221.185,20.44.221.230,20.44.222.35,20.44.222.48,20.44.222.53,20.44.222.69,20.44.222.109,20.44.222.129,20.44.222.147,20.44.222.174,20.212.64.12",
            "public_network_access_enabled": true,
            "resource_group_name": "rg-vowel-counter-quiz",
            "service_plan_id": "/subscriptions/a7517bc4-31bb-45eb-bc75-9e28cf4022bc/resourceGroups/rg-vowel-counter-quiz/providers/Microsoft.Web/serverFarms/sp-vowel-14671",
            "site_config": [
              {
                "always_on": false,
                "api_definition_url": "",
                "api_management_api_id": "",
                "app_command_line": "",
                "application_stack": [
                  {
                    "docker_image": "",
                    "docker_image_name": "",
                    "docker_image_tag": "",
                    "docker_registry_password": "",
                    "docker_registry_url": "",
                    "docker_registry_username": "",
                    "dotnet_version": "",
                    "go_version": "",
                    "java_server": "",
                    "java_server_version": "",
                    "java_version": "",
                    "node_version": "18-lts",
                    "php_version": "",
                    "python_version": "",
                    "ruby_version": ""
                  }
                ],
                "auto_heal_enabled": false,
                "auto_heal_setting": [],
                "container_registry_managed_identity_client_id": "",
                "container_registry_use_managed_identity": false,
                "cors": [],
                "default_documents": [
                  "Default.htm",
                  "Default.html",
                  "Default.asp",
                  "index.htm",
                  "index.html",
                  "iisstart.htm",
                  "default.aspx",
                  "index.php",
                  "hostingstart.html"
                ],
                "detailed_error_logging_enabled": false,
                "ftps_state": "Disabled",
                "health_check_eviction_time_in_min": 0,
                "health_check_path": "",
                "http2_enabled": false,
                "ip_restriction": [],
                "ip_restriction_default_action": "Allow",
                "linux_fx_version": "NODE|18-lts",
                "load_balancing_mode": "LeastRequests",
                "local_mysql_enabled": false,
                "managed_pipeline_mode": "Integrated",
                "minimum_tls_version": "1.2",
                "remote_debugging_enabled": false,
                "remote_debugging_version": "VS2022",
                "scm_ip_restriction": [],
                "scm_ip_restriction_default_action": "Allow",
                "scm_minimum_tls_version": "1.2",
                "scm_type": "None",
                "scm_use_main_ip_restriction": false,
                "use_32_bit_worker": true,
                "vnet_route_all_enabled": false,
                "websockets_enabled": false,
                "worker_count": 1
              }
            ],
            "site_credential": [
              {
                "name": "$vowel-counter-14671",
                "password": "fgdMG9A1MnrrtopDDr0TuZWHnmq5TvpQl2WZAss286iTmlbSplrfoWqlNoop"
              }
            ],
            "sticky_settings": [],
            "storage_account": [],
            "tags": null,
            "timeouts": null,
            "virtual_network_subnet_id": "",
            "webdeploy_publish_basic_authentication_enabled": true,
            "zip_deploy_file": ""
          },
          "sensitive_attributes": [
            [
              {
                "type": "get_attr",
                "value": "custom_domain_verification_id"
              }
            ],
            [
              {
                "type": "get_attr",
                "value": "site_config"
              },
              {
                "type": "index",
                "value": {
                  "value": 0,
                  "type": "number"
                }
              },
              {
                "type": "get_attr",
                "value": "application_stack"
              },
              {
                "type": "index",
                "value": {
                  "value": 0,
                  "type": "number"
                }
              },
              {
                "type": "get_attr",
                "value": "docker_registry_password"
              }
            ],
            [
              {
                "type": "get_attr",
                "value": "site_credential"
              }
            ]
          ],
          "identity_schema_version": 0,
          "private": "eyJlMmJmYjczMC1lY2FhLTExZTYtOGY4OC0zNDM2M2JjN2M0YzAiOnsiY3JlYXRlIjoxODAwMDAwMDAwMDAwLCJkZWxldGUiOjE4MDAwMDAwMDAwMDAsInJlYWQiOjMwMDAwMDAwMDAwMCwidXBkYXRlIjoxODAwMDAwMDAwMDAwfSwic2NoZW1hX3ZlcnNpb24iOiIxIn0=",
          "dependencies": [
            "azurerm_resource_group.quiz",
            "azurerm_service_plan.plan",
            "random_integer.ri"
          ]
        }
      ]
    },
    {
      "mode": "managed",
      "type": "azurerm_resource_group",
      "name": "quiz",
      "provider": "provider[\"registry.terraform.io/hashicorp/azurerm\"]",
      "instances": [
        {
          "schema_version": 0,
          "attributes": {
            "id": "/subscriptions/a7517bc4-31bb-45eb-bc75-9e28cf4022bc/resourceGroups/rg-vowel-counter-quiz",
            "location": "southeastasia",
            "managed_by": "",
            "name": "rg-vowel-counter-quiz",
            "tags": {},
            "timeouts": null
          },
          "sensitive_attributes": [],
          "identity_schema_version": 0,
          "private": "eyJlMmJmYjczMC1lY2FhLTExZTYtOGY4OC0zNDM2M2JjN2M0YzAiOnsiY3JlYXRlIjo1NDAwMDAwMDAwMDAwLCJkZWxldGUiOjU0MDAwMDAwMDAwMDAsInJlYWQiOjMwMDAwMDAwMDAwMCwidXBkYXRlIjo1NDAwMDAwMDAwMDAwfX0="
        }
      ]
    },
    {
      "mode": "managed",
      "type": "azurerm_service_plan",
      "name": "plan",
      "provider": "provider[\"registry.terraform.io/hashicorp/azurerm\"]",
      "instances": [
        {
          "schema_version": 1,
          "attributes": {
            "app_service_environment_id": "",
            "id": "/subscriptions/a7517bc4-31bb-45eb-bc75-9e28cf4022bc/resourceGroups/rg-vowel-counter-quiz/providers/Microsoft.Web/serverFarms/sp-vowel-14671",
            "kind": "linux",
            "location": "southeastasia",
            "maximum_elastic_worker_count": 1,
            "name": "sp-vowel-14671",
            "os_type": "Linux",
            "per_site_scaling_enabled": false,
            "reserved": true,
            "resource_group_name": "rg-vowel-counter-quiz",
            "sku_name": "F1",
            "tags": null,
            "timeouts": null,
            "worker_count": 1,
            "zone_balancing_enabled": false
          },
          "sensitive_attributes": [],
          "identity_schema_version": 0,
          "private": "eyJlMmJmYjczMC1lY2FhLTExZTYtOGY4OC0zNDM2M2JjN2M0YzAiOnsiY3JlYXRlIjozNjAwMDAwMDAwMDAwLCJkZWxldGUiOjM2MDAwMDAwMDAwMDAsInJlYWQiOjMwMDAwMDAwMDAwMCwidXBkYXRlIjozNjAwMDAwMDAwMDAwfSwic2NoZW1hX3ZlcnNpb24iOiIxIn0=",
          "dependencies": [
            "azurerm_resource_group.quiz",
            "random_integer.ri"
          ]
        }
      ]
    },
    {
      "mode": "managed",
      "type": "random_integer",
      "name": "ri",
      "provider": "provider[\"registry.terraform.io/hashicorp/random\"]",
      "instances": [
        {
          "status": "tainted",
          "schema_version": 0,
          "attributes": {
            "id": "14671",
            "keepers": null,
            "max": 88888,
            "min": 11111,
            "result": 14671,
            "seed": null
          },
          "sensitive_attributes": [],
          "identity_schema_version": 0
        }
      ]
    }
  ],
  "check_results": null
}
